{
  "object": {
    "pins": [
      {
        "package": "SwiftUIX",
        "repositoryURL": "https://github.com/SwiftUIX/SwiftUIX",
        "state": {
          "branch": "master",
          "revision": "e5ad3d85eafd5cd65e78cf6db23ff3acb0fea82d",
          "version": null
        }
      }
    ]
  },
  "version": 1
}
